
Microsoft Visual Studio Solution File, Format Version 12.00
# Visual Studio Version 17
VisualStudioVersion = 17.0.32112.339
MinimumVisualStudioVersion = 10.0.40219.1
Project("{FAE04EC0-301F-11D3-BF4B-00C04F79EFBC}") = "Gestform", "Gestform\Gestform.csproj", "{99A01354-7FB2-47AF-B2C8-549A8A968004}"
EndProject
Project("{FAE04EC0-301F-11D3-BF4B-00C04F79EFBC}") = "GestformTests", "GestformTests\GestformTests.csproj", "{2E31B1C8-2A90-4642-95AC-A4EC50A2ACA3}"
EndProject
Global
	GlobalSection(SolutionConfigurationPlatforms) = preSolution
		Debug|Any CPU = Debug|Any CPU
		Release|Any CPU = Release|Any CPU
	EndGlobalSection
	GlobalSection(ProjectConfigurationPlatforms) = postSolution
		{99A01354-7FB2-47AF-B2C8-549A8A968004}.Debug|Any CPU.ActiveCfg = Debug|Any CPU
		{99A01354-7FB2-47AF-B2C8-549A8A968004}.Debug|Any CPU.Build.0 = Debug|Any CPU
		{99A01354-7FB2-47AF-B2C8-549A8A968004}.Release|Any CPU.ActiveCfg = Release|Any CPU
		{99A01354-7FB2-47AF-B2C8-549A8A968004}.Release|Any CPU.Build.0 = Release|Any CPU
		{2E31B1C8-2A90-4642-95AC-A4EC50A2ACA3}.Debug|Any CPU.ActiveCfg = Debug|Any CPU
		{2E31B1C8-2A90-4642-95AC-A4EC50A2ACA3}.Debug|Any CPU.Build.0 = Debug|Any CPU
		{2E31B1C8-2A90-4642-95AC-A4EC50A2ACA3}.Release|Any CPU.ActiveCfg = Release|Any CPU
		{2E31B1C8-2A90-4642-95AC-A4EC50A2ACA3}.Release|Any CPU.Build.0 = Release|Any CPU
	EndGlobalSection
	GlobalSection(SolutionProperties) = preSolution
		HideSolutionNode = FALSE
	EndGlobalSection
	GlobalSection(ExtensibilityGlobals) = postSolution
		SolutionGuid = {F0CD4C52-95DB-4131-9077-E57507890191}
	EndGlobalSection
EndGlobal
